
Microsoft Visual Studio Solution File, Format Version 12.00
# Visual Studio 15
VisualStudioVersion = 15.0.26730.16
MinimumVisualStudioVersion = 10.0.40219.1
Project("{9A19103F-16F7-4668-BE54-9A1E7A4F7556}") = "Pinger", "Pinger\Pinger.csproj", "{D03A8CEC-BDB2-41D4-A39C-0681C965417A}"
EndProject
Project("{9A19103F-16F7-4668-BE54-9A1E7A4F7556}") = "OperationsDashboard.Common", "HostConnection\OperationsDashboard.Common.csproj", "{C1A25AA5-AFD0-4CC3-8446-1EF6A2EE215B}"
EndProject
Project("{2150E333-8FDC-42A3-9474-1A3956D46DE8}") = "Solution Items", "Solution Items", "{F0068895-B815-438E-A247-33D2C4664188}"
	ProjectSection(SolutionItems) = preProject
		Start-TestRedisInstance.ps1 = Start-TestRedisInstance.ps1
	EndProjectSection
EndProject
Project("{9A19103F-16F7-4668-BE54-9A1E7A4F7556}") = "WebAPI", "WebAPI\WebAPI.csproj", "{69304286-84E1-4563-B907-CC662A3CA8E6}"
EndProject
Global
	GlobalSection(SolutionConfigurationPlatforms) = preSolution
		Debug|Any CPU = Debug|Any CPU
		Release|Any CPU = Release|Any CPU
	EndGlobalSection
	GlobalSection(ProjectConfigurationPlatforms) = postSolution
		{D03A8CEC-BDB2-41D4-A39C-0681C965417A}.Debug|Any CPU.ActiveCfg = Debug|Any CPU
		{D03A8CEC-BDB2-41D4-A39C-0681C965417A}.Debug|Any CPU.Build.0 = Debug|Any CPU
		{D03A8CEC-BDB2-41D4-A39C-0681C965417A}.Release|Any CPU.ActiveCfg = Release|Any CPU
		{D03A8CEC-BDB2-41D4-A39C-0681C965417A}.Release|Any CPU.Build.0 = Release|Any CPU
		{C1A25AA5-AFD0-4CC3-8446-1EF6A2EE215B}.Debug|Any CPU.ActiveCfg = Debug|Any CPU
		{C1A25AA5-AFD0-4CC3-8446-1EF6A2EE215B}.Debug|Any CPU.Build.0 = Debug|Any CPU
		{C1A25AA5-AFD0-4CC3-8446-1EF6A2EE215B}.Release|Any CPU.ActiveCfg = Release|Any CPU
		{C1A25AA5-AFD0-4CC3-8446-1EF6A2EE215B}.Release|Any CPU.Build.0 = Release|Any CPU
		{69304286-84E1-4563-B907-CC662A3CA8E6}.Debug|Any CPU.ActiveCfg = Debug|Any CPU
		{69304286-84E1-4563-B907-CC662A3CA8E6}.Debug|Any CPU.Build.0 = Debug|Any CPU
		{69304286-84E1-4563-B907-CC662A3CA8E6}.Release|Any CPU.ActiveCfg = Release|Any CPU
		{69304286-84E1-4563-B907-CC662A3CA8E6}.Release|Any CPU.Build.0 = Release|Any CPU
	EndGlobalSection
	GlobalSection(SolutionProperties) = preSolution
		HideSolutionNode = FALSE
	EndGlobalSection
	GlobalSection(ExtensibilityGlobals) = postSolution
		SolutionGuid = {627E6007-2CA9-4045-97F6-3458E9FEC4AB}
	EndGlobalSection
EndGlobal
